<?xml version="1.0" encoding="utf-8"?>
<Project ToolsVersion="4.0" xmlns="http://schemas.microsoft.com/developer/msbuild/2003">
  <ItemGroup>
    <Filter Include="Source Files">
      <UniqueIdentifier>{4FC737F1-C7A5-4376-A066-2A32D752A2FF}</UniqueIdentifier>
      <Extensions>cpp;c;cc;cxx;c++;cppm;ixx;def;odl;idl;hpj;bat;asm;asmx</Extensions>
    </Filter>
    <Filter Include="Header Files">
      <UniqueIdentifier>{93995380-89BD-4b04-88EB-625FBE52EBFB}</UniqueIdentifier>
      <Extensions>h;hh;hpp;hxx;h++;hm;inl;inc;ipp;xsd</Extensions>
    </Filter>
    <Filter Include="Resource Files">
      <UniqueIdentifier>{67DA6AB6-F800-4c08-8B7A-83BB121AAD01}</UniqueIdentifier>
      <Extensions>rc;ico;cur;bmp;dlg;rc2;rct;bin;rgs;gif;jpg;jpeg;jpe;resx;tiff;tif;png;wav;mfcribbon-ms</Extensions>
    </Filter>
    <Filter Include="Header Files\Battery">
      <UniqueIdentifier>{3016effa-118a-4ff8-b10a-edb64fdee46c}</UniqueIdentifier>
    </Filter>
    <Filter Include="Source Files\imgui">
      <UniqueIdentifier>{f80db9f0-78d7-46e3-995d-7d0a0a39036a}</UniqueIdentifier>
    </Filter>
    <Filter Include="Source Files\Core">
      <UniqueIdentifier>{6ea6f12a-6839-471f-ae6b-68345fd9d883}</UniqueIdentifier>
    </Filter>
    <Filter Include="Header Files\Battery\Core">
      <UniqueIdentifier>{a7195d0d-6f58-4efb-b6a1-0bbbfb9d7c28}</UniqueIdentifier>
    </Filter>
    <Filter Include="Header Files\Battery\Log">
      <UniqueIdentifier>{6cfef375-9059-4416-bada-f467d23ec408}</UniqueIdentifier>
    </Filter>
    <Filter Include="Source Files\Log">
      <UniqueIdentifier>{78b1c54c-c37a-41b0-a42e-36fff013c31f}</UniqueIdentifier>
    </Filter>
    <Filter Include="Header Files\Battery\Platform">
      <UniqueIdentifier>{b5f3c944-26bc-42c6-89b2-2a339439011b}</UniqueIdentifier>
    </Filter>
    <Filter Include="Source Files\Platform">
      <UniqueIdentifier>{e3f4440d-396b-4f3c-b317-7089a659e65b}</UniqueIdentifier>
    </Filter>
    <Filter Include="Header Files\Battery\Utils">
      <UniqueIdentifier>{4ae16c45-7142-4937-b00f-4e1d5d0cefcd}</UniqueIdentifier>
    </Filter>
    <Filter Include="Source Files\Utils">
      <UniqueIdentifier>{11e615f5-2405-4707-9b98-9673df15f2b9}</UniqueIdentifier>
    </Filter>
    <Filter Include="Header Files\Battery\Renderer">
      <UniqueIdentifier>{bc973e42-baca-47d7-98b1-d66c7080e9ec}</UniqueIdentifier>
    </Filter>
    <Filter Include="Source Files\Renderer">
      <UniqueIdentifier>{171b0245-656b-490d-ba05-c69c8f37741e}</UniqueIdentifier>
    </Filter>
    <Filter Include="Source Files\implot">
      <UniqueIdentifier>{addf7748-a22a-434c-ba22-632572732042}</UniqueIdentifier>
    </Filter>
    <Filter Include="Source Files\clip">
      <UniqueIdentifier>{af072f71-4908-4e36-8346-7c160035ce19}</UniqueIdentifier>
    </Filter>
  </ItemGroup>
  <ItemGroup>
    <ClInclude Include="..\include\Battery\NetUtils.h">
      <Filter>Header Files\Battery</Filter>
    </ClInclude>
    <ClInclude Include="..\include\Battery\Core.h">
      <Filter>Header Files\Battery</Filter>
    </ClInclude>
    <ClInclude Include="..\include\Battery\StringUtils.h">
      <Filter>Header Files\Battery</Filter>
    </ClInclude>
    <ClInclude Include="..\include\Battery\Graphics.h">
      <Filter>Header Files\Battery</Filter>
    </ClInclude>
    <ClInclude Include="resource.h">
      <Filter>Header Files</Filter>
    </ClInclude>
    <ClInclude Include="..\include\Battery\PrimitiveRenderer.h">
      <Filter>Header Files\Battery</Filter>
    </ClInclude>
    <ClInclude Include="..\include\Battery\RenderUtils.h">
      <Filter>Header Files\Battery</Filter>
    </ClInclude>
    <ClInclude Include="..\include\Battery\DefaultShaders.h">
      <Filter>Header Files\Battery</Filter>
    </ClInclude>
    <ClInclude Include="..\include\Battery\AllegroDeps.h">
      <Filter>Header Files\Battery</Filter>
    </ClInclude>
    <ClInclude Include="..\include\Battery\Battery.h">
      <Filter>Header Files</Filter>
    </ClInclude>
    <ClInclude Include="..\include\Battery\pch.h">
      <Filter>Header Files</Filter>
    </ClInclude>
    <ClInclude Include="..\include\Battery\Core\Application.h">
      <Filter>Header Files\Battery\Core</Filter>
    </ClInclude>
    <ClInclude Include="..\include\Battery\Log\Log.h">
      <Filter>Header Files\Battery\Log</Filter>
    </ClInclude>
    <ClInclude Include="..\include\Battery\Core\Config.h">
      <Filter>Header Files\Battery\Core</Filter>
    </ClInclude>
    <ClInclude Include="..\include\Battery\Core\Event.h">
      <Filter>Header Files\Battery\Core</Filter>
    </ClInclude>
    <ClInclude Include="..\include\Battery\Core\ApplicationEvents.h">
      <Filter>Header Files\Battery\Core</Filter>
    </ClInclude>
    <ClInclude Include="..\include\Battery\Core\Layer.h">
      <Filter>Header Files\Battery\Core</Filter>
    </ClInclude>
    <ClInclude Include="..\include\Battery\Core\LayerStack.h">
      <Filter>Header Files\Battery\Core</Filter>
    </ClInclude>
    <ClInclude Include="..\include\Battery\Core\AllegroContext.h">
      <Filter>Header Files\Battery\Core</Filter>
    </ClInclude>
    <ClInclude Include="..\include\Battery\Core\Exception.h">
      <Filter>Header Files\Battery\Core</Filter>
    </ClInclude>
    <ClInclude Include="..\include\Battery\Platform\Dialog.h">
      <Filter>Header Files\Battery\Platform</Filter>
    </ClInclude>
    <ClInclude Include="..\include\Battery\Core\ImGuiLayer.h">
      <Filter>Header Files\Battery\Core</Filter>
    </ClInclude>
    <ClInclude Include="..\include\Battery\Core\AllegroWindow.h">
      <Filter>Header Files\Battery\Core</Filter>
    </ClInclude>
    <ClInclude Include="..\include\Battery\Utils\TimeUtils.h">
      <Filter>Header Files\Battery\Utils</Filter>
    </ClInclude>
    <ClInclude Include="..\include\Battery\Renderer\Renderer2D.h">
      <Filter>Header Files\Battery\Renderer</Filter>
    </ClInclude>
    <ClInclude Include="..\include\Battery\Renderer\ShaderProgram.h">
      <Filter>Header Files\Battery\Renderer</Filter>
    </ClInclude>
    <ClInclude Include="..\include\Battery\Renderer\Texture2D.h">
      <Filter>Header Files\Battery\Renderer</Filter>
    </ClInclude>
    <ClInclude Include="..\include\Battery\Renderer\StaticImGuiWindow.h">
      <Filter>Header Files\Battery\Renderer</Filter>
    </ClInclude>
    <ClInclude Include="..\include\Battery\Utils\FileUtils.h">
      <Filter>Header Files\Battery\Utils</Filter>
    </ClInclude>
    <ClInclude Include="..\include\Battery\Utils\MemoryUtils.h">
      <Filter>Header Files\Battery\Utils</Filter>
    </ClInclude>
    <ClInclude Include="..\include\Battery\Utils\MathUtils.h">
      <Filter>Header Files\Battery\Utils</Filter>
    </ClInclude>
  </ItemGroup>
  <ItemGroup>
    <ClCompile Include="..\src\NetUtils.cpp">
      <Filter>Source Files</Filter>
    </ClCompile>
    <ClCompile Include="..\src\Core.cpp">
      <Filter>Source Files</Filter>
    </ClCompile>
    <ClCompile Include="..\src\Exception.cpp">
      <Filter>Source Files</Filter>
    </ClCompile>
    <ClCompile Include="..\src\StringUtils.cpp">
      <Filter>Source Files</Filter>
    </ClCompile>
    <ClCompile Include="..\src\Engine.cpp">
      <Filter>Source Files</Filter>
    </ClCompile>
    <ClCompile Include="..\src\Graphics.cpp">
      <Filter>Source Files</Filter>
    </ClCompile>
    <ClCompile Include="..\modules\imgui\imgui.cpp">
      <Filter>Source Files\imgui</Filter>
    </ClCompile>
    <ClCompile Include="..\modules\imgui\imgui_demo.cpp">
      <Filter>Source Files\imgui</Filter>
    </ClCompile>
    <ClCompile Include="..\modules\imgui\imgui_draw.cpp">
      <Filter>Source Files\imgui</Filter>
    </ClCompile>
    <ClCompile Include="..\modules\imgui\imgui_widgets.cpp">
      <Filter>Source Files\imgui</Filter>
    </ClCompile>
    <ClCompile Include="..\modules\imgui\backends\imgui_impl_allegro5.cpp">
      <Filter>Source Files\imgui</Filter>
    </ClCompile>
    <ClCompile Include="..\src\DefaultShaders.cpp">
      <Filter>Source Files</Filter>
    </ClCompile>
    <ClCompile Include="..\src\main.cpp">
      <Filter>Source Files</Filter>
    </ClCompile>
    <ClCompile Include="..\src\pch.cpp">
      <Filter>Source Files</Filter>
    </ClCompile>
    <ClCompile Include="..\src\Battery\Core\Application.cpp">
      <Filter>Source Files\Core</Filter>
    </ClCompile>
    <ClCompile Include="..\src\Battery\Log\Log.cpp">
      <Filter>Source Files\Log</Filter>
    </ClCompile>
    <ClCompile Include="..\src\Battery\Core\Event.cpp">
      <Filter>Source Files\Core</Filter>
    </ClCompile>
    <ClCompile Include="..\src\Battery\Core\AllegroContext.cpp">
      <Filter>Source Files\Core</Filter>
    </ClCompile>
    <ClCompile Include="..\src\Battery\Platform\Dialog.cpp">
      <Filter>Source Files\Platform</Filter>
    </ClCompile>
    <ClCompile Include="..\src\Battery\Core\AllegroWindow.cpp">
      <Filter>Source Files\Core</Filter>
    </ClCompile>
    <ClCompile Include="..\src\Battery\Utils\TimeUtils.cpp">
      <Filter>Source Files\Utils</Filter>
    </ClCompile>
    <ClCompile Include="..\src\Battery\Core\ApplicationEvents.cpp">
      <Filter>Source Files\Core</Filter>
    </ClCompile>
    <ClCompile Include="..\src\Battery\Renderer\Renderer2D.cpp">
      <Filter>Source Files\Renderer</Filter>
    </ClCompile>
    <ClCompile Include="..\src\Battery\Renderer\ShaderProgram.cpp">
      <Filter>Source Files\Renderer</Filter>
    </ClCompile>
    <ClCompile Include="..\src\Battery\Utils\FileUtils.cpp">
      <Filter>Source Files\Utils</Filter>
    </ClCompile>
    <ClCompile Include="..\modules\implot\implot.cpp">
      <Filter>Source Files\implot</Filter>
    </ClCompile>
    <ClCompile Include="..\modules\implot\implot_demo.cpp">
      <Filter>Source Files\implot</Filter>
    </ClCompile>
    <ClCompile Include="..\modules\implot\implot_items.cpp">
      <Filter>Source Files\implot</Filter>
    </ClCompile>
    <ClCompile Include="..\src\Battery\Utils\MemoryUtils.cpp">
      <Filter>Source Files\Utils</Filter>
    </ClCompile>
    <ClCompile Include="..\src\Battery\Utils\MathUtils.cpp">
      <Filter>Source Files\Utils</Filter>
    </ClCompile>
    <ClCompile Include="..\modules\clip\clip.cpp">
      <Filter>Source Files\clip</Filter>
    </ClCompile>
    <ClCompile Include="..\modules\clip\clip_win.cpp">
      <Filter>Source Files\clip</Filter>
    </ClCompile>
    <ClCompile Include="..\modules\clip\image.cpp">
      <Filter>Source Files\clip</Filter>
    </ClCompile>
    <ClCompile Include="..\src\Battery\Renderer\Texture2D.cpp">
      <Filter>Source Files\Renderer</Filter>
    </ClCompile>
  </ItemGroup>
  <ItemGroup>
    <None Include="ClassDiagram.cd" />
    <None Include="packages.config" />
  </ItemGroup>
  <ItemGroup>
    <ResourceCompile Include="BatteryEngine-static.rc">
      <Filter>Resource Files</Filter>
    </ResourceCompile>
  </ItemGroup>
</Project>